{
  "version": 1,
  "dependencies": {
    ".NETnanoFramework,Version=v1.0": {
      "CCSWE.nanoFramework.Threading.TestFramework": {
        "type": "Direct",
        "requested": "[1.0.68, 1.0.68]",
        "resolved": "1.0.68",
        "contentHash": "eNYxqGgwje8P5orf+l+LieRHr/Xr2n8UbzZxatBVxNzA33ojr5fuZKuomW1afjxSv46tcj/wZdImicI23FTB6w=="
      },
      "nanoFramework.CoreLibrary": {
        "type": "Direct",
        "requested": "[1.15.5, 1.15.5]",
        "resolved": "1.15.5",
        "contentHash": "u2+GvAp1uxLrGdILACAZy+EVKOs28EQ52j8Lz7599egXZ3GBGejjnR2ofhjMQwzrJLlgtyrsx8nSLngDfJNsAg=="
      },
      "nanoFramework.DependencyInjection": {
        "type": "Direct",
        "requested": "[1.1.11, 1.1.11]",
        "resolved": "1.1.11",
        "contentHash": "9YKkTehl/1ZUxzx5o6zJPd0g0Qm1XibUDSkA+hpbcf5OVpoV2ciWyMLwz3+cbWf/IFSm7De7HrZclOukTxYS8w=="
      },
      "nanoFramework.Logging": {
        "type": "Direct",
        "requested": "[1.1.120, 1.1.120]",
        "resolved": "1.1.120",
        "contentHash": "zqAYYtN0uPVBGBB3MnYQtaW/hFpj8SwW4nGn+r3/afndC03oqRnYtxWsIL79813PhsWpbvzYivytnOAkjV7iwA=="
      },
      "nanoFramework.System.Runtime": {
        "type": "Direct",
        "requested": "[1.0.27, 1.0.27]",
        "resolved": "1.0.27",
        "contentHash": "aMwvQV6AR+XlDc+dHR/fWWnTe5dc7LDaqZS0ccfmd31Y39dZnmX3iQB2wXWtZGvXLCC+obc3IF3Vc70FiG0raw=="
      },
      "nanoFramework.TestFramework": {
        "type": "Direct",
        "requested": "[3.0.49, 3.0.49]",
        "resolved": "3.0.49",
        "contentHash": "+9xecBciJEhjSbNvnfET1nT3Zxvem9DMg8/yd30EOTHbccFhp5sjG5SO3CWVP/aLJib2I8KkjINiWXPjAuW7+w=="
      }
    }
  }
}