{
  "version": 1,
  "dependencies": {
    ".NETnanoFramework,Version=v1.0": {
      "CCSWE.nanoFramework.Threading.TestFramework": {
        "type": "Direct",
        "requested": "[1.0.65, 1.0.65]",
        "resolved": "1.0.65",
        "contentHash": "D7I07Bwhn9eLPbVYSGPhaTNFVet1EiUDU6mfsOdPURbD+hRgGJuiSFfFREebrxJC6iAvsFr0MEOC+spotS9feQ=="
      },
      "nanoFramework.CoreLibrary": {
        "type": "Direct",
        "requested": "[1.15.5, 1.15.5]",
        "resolved": "1.15.5",
        "contentHash": "u2+GvAp1uxLrGdILACAZy+EVKOs28EQ52j8Lz7599egXZ3GBGejjnR2ofhjMQwzrJLlgtyrsx8nSLngDfJNsAg=="
      },
      "nanoFramework.DependencyInjection": {
        "type": "Direct",
        "requested": "[1.1.11, 1.1.11]",
        "resolved": "1.1.11",
        "contentHash": "9YKkTehl/1ZUxzx5o6zJPd0g0Qm1XibUDSkA+hpbcf5OVpoV2ciWyMLwz3+cbWf/IFSm7De7HrZclOukTxYS8w=="
      },
      "nanoFramework.Logging": {
        "type": "Direct",
        "requested": "[1.1.113, 1.1.113]",
        "resolved": "1.1.113",
        "contentHash": "v4XYqo64KgwVGSIqCNcoqPm4PUnOD4b93xlMShnvI7y28lEbJgZ1Mv3XUkv+SpUi9B3rANJ0QVVrorNSLJhCTA=="
      },
      "nanoFramework.System.Runtime": {
        "type": "Direct",
        "requested": "[1.0.27, 1.0.27]",
        "resolved": "1.0.27",
        "contentHash": "aMwvQV6AR+XlDc+dHR/fWWnTe5dc7LDaqZS0ccfmd31Y39dZnmX3iQB2wXWtZGvXLCC+obc3IF3Vc70FiG0raw=="
      },
      "nanoFramework.TestFramework": {
        "type": "Direct",
        "requested": "[3.0.47, 3.0.47]",
        "resolved": "3.0.47",
        "contentHash": "CpUrBWmxgw2Blp3nkMcI+aI21Kj0VeLc4NU28OiA9IHxUsX6WXe6ruDjw71Ff4mb9nuLT55C4wg4CpD7+Iaw0g=="
      }
    }
  }
}