{
  "version": 1,
  "dependencies": {
    ".NETnanoFramework,Version=v1.0": {
      "CCSWE.nanoFramework.Threading.TestFramework": {
        "type": "Direct",
        "requested": "[1.0.53, 1.0.53]",
        "resolved": "1.0.53",
        "contentHash": "EJi5gjB1njA1j1lfZ2lMLYEAz72ZFsdgKmrJXfhleWHTNkDXCePjNv6kQ8pnmdeMyagxarHec2g0hWuAmWPsMA=="
      },
      "nanoFramework.CoreLibrary": {
        "type": "Direct",
        "requested": "[1.15.5, 1.15.5]",
        "resolved": "1.15.5",
        "contentHash": "u2+GvAp1uxLrGdILACAZy+EVKOs28EQ52j8Lz7599egXZ3GBGejjnR2ofhjMQwzrJLlgtyrsx8nSLngDfJNsAg=="
      },
      "nanoFramework.DependencyInjection": {
        "type": "Direct",
        "requested": "[1.1.3, 1.1.3]",
        "resolved": "1.1.3",
        "contentHash": "ZUViTakotURjfKS/AV+9HNa2RfjbcaM1Lc9C9U+SR+NXjFusPU0v9b7CmwalMaRGiYhlDsB+M6iSFKztPwcJOQ=="
      },
      "nanoFramework.Logging": {
        "type": "Direct",
        "requested": "[1.1.108, 1.1.108]",
        "resolved": "1.1.108",
        "contentHash": "N6hXI+rqMJNqFU/s+/XkoqaEkUGWN/m1GiUqsTCSt7/wDgdgtuxpkMcw4J3gKj2ZoMBPrbTz6F+OWaFXqW+BNw=="
      },
      "nanoFramework.System.Runtime": {
        "type": "Direct",
        "requested": "[1.0.27, 1.0.27]",
        "resolved": "1.0.27",
        "contentHash": "aMwvQV6AR+XlDc+dHR/fWWnTe5dc7LDaqZS0ccfmd31Y39dZnmX3iQB2wXWtZGvXLCC+obc3IF3Vc70FiG0raw=="
      },
      "nanoFramework.TestFramework": {
        "type": "Direct",
        "requested": "[2.1.111, 2.1.111]",
        "resolved": "2.1.111",
        "contentHash": "tgMOyoTOFlD4pjXVEmiwXKbWP+8aPVyRpQ6+iR6XrfWNYkS1TUPeF0IgwHIm+HyqBAQzU8mTyOor5DdIyhfa8A=="
      }
    }
  }
}