{
  "version": 1,
  "dependencies": {
    ".NETnanoFramework,Version=v1.0": {
      "CCSWE.nanoFramework.Collections.Concurrent": {
        "type": "Direct",
        "requested": "[1.0.43, 1.0.43]",
        "resolved": "1.0.43",
        "contentHash": "4YjJ8upQS72FVgcFMY1K+f36szo1spA97tKKpM+QLBw1fTC6FQLD0pyR/l9LvN+tkKzDSoN1wereIfVLHi5fug=="
      },
      "CCSWE.nanoFramework.Core": {
        "type": "Direct",
        "requested": "[1.0.42, 1.0.42]",
        "resolved": "1.0.42",
        "contentHash": "C7VEjAgLzHvZpNXeq4atWWgRRSdK7utn4JH1DWnfga0FjqeAezu1eb3BfYMFIEN8uzksjabPnB+mejbpiaWc8Q=="
      },
      "CCSWE.nanoFramework.Threading": {
        "type": "Direct",
        "requested": "[1.0.64, 1.0.64]",
        "resolved": "1.0.64",
        "contentHash": "nO+1j0KWE65qgLqkQIwRHJ26QMNJkJaOKJ3hRS358CTPG0urapERfzoZvpz/038PtDVbho7e88OIYNjai5P4Xg=="
      },
      "nanoFramework.CoreLibrary": {
        "type": "Direct",
        "requested": "[1.15.5, 1.15.5]",
        "resolved": "1.15.5",
        "contentHash": "u2+GvAp1uxLrGdILACAZy+EVKOs28EQ52j8Lz7599egXZ3GBGejjnR2ofhjMQwzrJLlgtyrsx8nSLngDfJNsAg=="
      },
      "nanoFramework.DependencyInjection": {
        "type": "Direct",
        "requested": "[1.1.11, 1.1.11]",
        "resolved": "1.1.11",
        "contentHash": "9YKkTehl/1ZUxzx5o6zJPd0g0Qm1XibUDSkA+hpbcf5OVpoV2ciWyMLwz3+cbWf/IFSm7De7HrZclOukTxYS8w=="
      },
      "nanoFramework.Logging": {
        "type": "Direct",
        "requested": "[1.1.113, 1.1.113]",
        "resolved": "1.1.113",
        "contentHash": "v4XYqo64KgwVGSIqCNcoqPm4PUnOD4b93xlMShnvI7y28lEbJgZ1Mv3XUkv+SpUi9B3rANJ0QVVrorNSLJhCTA=="
      },
      "nanoFramework.System.Collections": {
        "type": "Direct",
        "requested": "[1.5.45, 1.5.45]",
        "resolved": "1.5.45",
        "contentHash": "dil6zTz67ACEboy5aWib+lcK+v5eOdvChow3UoZjPdH/fsHsHl26D6/OmQKp+KPVdi5/59WUM5InFB4F5FEQfQ=="
      },
      "nanoFramework.System.Runtime": {
        "type": "Direct",
        "requested": "[1.0.27, 1.0.27]",
        "resolved": "1.0.27",
        "contentHash": "aMwvQV6AR+XlDc+dHR/fWWnTe5dc7LDaqZS0ccfmd31Y39dZnmX3iQB2wXWtZGvXLCC+obc3IF3Vc70FiG0raw=="
      },
      "nanoFramework.System.Text": {
        "type": "Direct",
        "requested": "[1.2.54, 1.2.54]",
        "resolved": "1.2.54",
        "contentHash": "k3OutSNRMs9di42LQ+5GbpHBY07aMEZWGkaS3Mj3ZU4cWqJc4deFGzRd+LBFQl1mRGdQaM5sl/euTZdcg8R9Zg=="
      },
      "nanoFramework.System.Threading": {
        "type": "Direct",
        "requested": "[1.1.32, 1.1.32]",
        "resolved": "1.1.32",
        "contentHash": "6o7Y4gH15FLuo2FWGLecABiCD57V5QMf5g/hEneV64VmhoXI8Bk7r6BDBPTfAePs738xbc1ECpA5dJmbSmtilg=="
      },
      "Nerdbank.GitVersioning": {
        "type": "Direct",
        "requested": "[3.6.146, 3.6.146]",
        "resolved": "3.6.146",
        "contentHash": "W1eQ8hD9Y/cZ2+ilgxECl003xr1hybpN3fMxoTlMqg++BixETBMWzS4y9s08oHJKXgKtudsoxhITNOEf1OR66w=="
      }
    }
  }
}