{
  "version": 1,
  "dependencies": {
    ".NETnanoFramework,Version=v1.0": {
      "CCSWE.nanoFramework.Collections.Concurrent": {
        "type": "Direct",
        "requested": "[0.4.4, 0.4.4]",
        "resolved": "0.4.4",
        "contentHash": "PcrVQaE/mga1CsyNsBuy6WrwX0yZYHsvkxGH2+otzAAhYbtxDiaYjxmz6PE1o50XjdYvjpoNi5KdWG8HJPeG9Q=="
      },
      "CCSWE.nanoFramework.Core": {
        "type": "Direct",
        "requested": "[0.2.6, 0.2.6]",
        "resolved": "0.2.6",
        "contentHash": "Ho8cvm/jY/8y7joI0RbquRXfoRJPXOUPYA08nlOslsk1cWv7D5f49TJRN81DLYFMsAa9QPM1+VZQlBNHU1PGoQ=="
      },
      "CCSWE.nanoFramework.Threading": {
        "type": "Direct",
        "requested": "[0.2.4, 0.2.4]",
        "resolved": "0.2.4",
        "contentHash": "+PTLKMe33QtH1ePjLsTeGIPpnLZ8k90Vvsw1wmCVn2+17pafaupI8PZBnjHb2D0Ay2PYU7Ff0LYnQUnfq8/rNA=="
      },
      "nanoFramework.CoreLibrary": {
        "type": "Direct",
        "requested": "[1.14.2, 1.14.2]",
        "resolved": "1.14.2",
        "contentHash": "j1mrz4mitl5LItvmHMsw1aHzCAfvTTgIkRxA0mhs5mSpctJ/BBcuNwua5j3MspfRNKreCQPy/qZy/D9ADLL/PA=="
      },
      "nanoFramework.DependencyInjection": {
        "type": "Direct",
        "requested": "[1.0.35, 1.0.35]",
        "resolved": "1.0.35",
        "contentHash": "yiiFZ7G6Z9nmBKryvwAUqGK9qcJf4xzhzE5MR2rdRQQyjLMzj8qWmOk8s2rRn8B3WWBINlACZ1siLvdfFHkcXg=="
      },
      "nanoFramework.Hosting": {
        "type": "Direct",
        "requested": "[1.0.25, 1.0.25]",
        "resolved": "1.0.25",
        "contentHash": "eNHLCVaJjCZOmr/xutnHovLFk1DGhtSkx7CMRtcNiSUIy/AfsYYR+pM43zDgfiOB+QsEreQ/q8HgsXm98nEwCg=="
      },
      "nanoFramework.Logging": {
        "type": "Direct",
        "requested": "[1.1.63, 1.1.63]",
        "resolved": "1.1.63",
        "contentHash": "gutjQRIKKJc91qKzkGtpA8uvTpNUK1r2OuEy7C8W+dEICkFgR+z1itcG7gKv9I12oiHyurc/3mMgDyz8CsPD3A=="
      },
      "nanoFramework.System.Collections": {
        "type": "Direct",
        "requested": "[1.5.18, 1.5.18]",
        "resolved": "1.5.18",
        "contentHash": "F8FzaUC5D2xd6eQja33EYcknOFqWT+YEcnEn849ILJTGSedVFylUREEuoGULbCrnuuLx417hDzWny+B78Qi67g=="
      },
      "nanoFramework.System.Text": {
        "type": "Direct",
        "requested": "[1.2.37, 1.2.37]",
        "resolved": "1.2.37",
        "contentHash": "ORgRq0HSynSBhlXRTHdhzZiOdq/nRhdnX+DeIGw56y9OSc8dvqUz6elm97Jz+4WQ6ikpvs5PFGINAa35kBebwQ=="
      },
      "nanoFramework.System.Threading": {
        "type": "Direct",
        "requested": "[1.1.19, 1.1.19]",
        "resolved": "1.1.19",
        "contentHash": "HjnY0DNoFnU+t1GiH8Wgf7pJCD9yMOcLVtAZXVAhstMKisVN/MDj9TvfXxZScRIz7ZDoZYUnb+Ixfl6rqyppvA=="
      },
      "Nerdbank.GitVersioning": {
        "type": "Direct",
        "requested": "[3.6.133, 3.6.133]",
        "resolved": "3.6.133",
        "contentHash": "VZWMd5YAeDxpjWjAP/X6bAxnRMiEf6tES/ITN0X5CHJgkWLLeHGmEALivmTAfYM6P+P/3Szy6VCITUAkqjcHVw=="
      }
    }
  }
}