{
  "version": 1,
  "dependencies": {
    ".NETnanoFramework,Version=v1.0": {
      "CCSWE.nanoFramework.Collections.Concurrent": {
        "type": "Direct",
        "requested": "[1.0.25, 1.0.25]",
        "resolved": "1.0.25",
        "contentHash": "us+G5GQUQbR5DCknicfHTh6l/tKd9yK+R8VSEig6wjvvE4+kd4iVQ69uNK289FhAmPH+Ma4GsqSHhbLr0Zs9dg=="
      },
      "CCSWE.nanoFramework.Core": {
        "type": "Direct",
        "requested": "[1.0.28, 1.0.28]",
        "resolved": "1.0.28",
        "contentHash": "0I/uVPRvE3eIC5V7UGTjpDHwc/iwzc9Y0n/q8jfjnsqZc5BPdgbj8xbp2RgthEtT/HSIWmo6CJvdaSz25WpWaA=="
      },
      "CCSWE.nanoFramework.Threading": {
        "type": "Direct",
        "requested": "[1.0.42, 1.0.42]",
        "resolved": "1.0.42",
        "contentHash": "U3N4qlbBAoT2N06Pcm202/iyacfqokkXymbmobfOdB9vwlJgwnmKB7jyeen77JaV2WdjRW/Sno1VRaMBzAkvpg=="
      },
      "nanoFramework.CoreLibrary": {
        "type": "Direct",
        "requested": "[1.15.5, 1.15.5]",
        "resolved": "1.15.5",
        "contentHash": "u2+GvAp1uxLrGdILACAZy+EVKOs28EQ52j8Lz7599egXZ3GBGejjnR2ofhjMQwzrJLlgtyrsx8nSLngDfJNsAg=="
      },
      "nanoFramework.DependencyInjection": {
        "type": "Direct",
        "requested": "[1.1.3, 1.1.3]",
        "resolved": "1.1.3",
        "contentHash": "ZUViTakotURjfKS/AV+9HNa2RfjbcaM1Lc9C9U+SR+NXjFusPU0v9b7CmwalMaRGiYhlDsB+M6iSFKztPwcJOQ=="
      },
      "nanoFramework.Logging": {
        "type": "Direct",
        "requested": "[1.1.108, 1.1.108]",
        "resolved": "1.1.108",
        "contentHash": "N6hXI+rqMJNqFU/s+/XkoqaEkUGWN/m1GiUqsTCSt7/wDgdgtuxpkMcw4J3gKj2ZoMBPrbTz6F+OWaFXqW+BNw=="
      },
      "nanoFramework.System.Collections": {
        "type": "Direct",
        "requested": "[1.5.31, 1.5.31]",
        "resolved": "1.5.31",
        "contentHash": "q7G0BHkbhUzpUJiOQNlZZDSMcZEU2/QJBDiSEQAF23wOya4EBaCXS74jAVcEfkHBgOkF413jKZq5vldpjqUfUw=="
      },
      "nanoFramework.System.Runtime": {
        "type": "Direct",
        "requested": "[1.0.27, 1.0.27]",
        "resolved": "1.0.27",
        "contentHash": "aMwvQV6AR+XlDc+dHR/fWWnTe5dc7LDaqZS0ccfmd31Y39dZnmX3iQB2wXWtZGvXLCC+obc3IF3Vc70FiG0raw=="
      },
      "nanoFramework.System.Text": {
        "type": "Direct",
        "requested": "[1.2.54, 1.2.54]",
        "resolved": "1.2.54",
        "contentHash": "k3OutSNRMs9di42LQ+5GbpHBY07aMEZWGkaS3Mj3ZU4cWqJc4deFGzRd+LBFQl1mRGdQaM5sl/euTZdcg8R9Zg=="
      },
      "nanoFramework.System.Threading": {
        "type": "Direct",
        "requested": "[1.1.32, 1.1.32]",
        "resolved": "1.1.32",
        "contentHash": "6o7Y4gH15FLuo2FWGLecABiCD57V5QMf5g/hEneV64VmhoXI8Bk7r6BDBPTfAePs738xbc1ECpA5dJmbSmtilg=="
      },
      "Nerdbank.GitVersioning": {
        "type": "Direct",
        "requested": "[3.6.139, 3.6.139]",
        "resolved": "3.6.139",
        "contentHash": "rq0Ub/Jik7PtMtZtLn0tHuJ01Yt36RQ+eeBe+S7qnJ/EFOX6D4T9zuYD3vQPYKGI6Ro4t2iWgFm3fGDgjBrMfg=="
      }
    }
  }
}